// !$*UTF8*$!
{
	archiveVersion = 1;
	classes = {
	};
	objectVersion = 56;
	objects = {

/* Begin PBXBuildFile section */
		9349744829D18E5C001A7593 /* ExtensionsUI in Frameworks */ = {isa = PBXBuildFile; productRef = 9349744729D18E5C001A7593 /* ExtensionsUI */; };
		9396829129D1715B00AB4A6B /* ExtensionsModel in Frameworks */ = {isa = PBXBuildFile; productRef = 9396829029D1715B00AB4A6B /* ExtensionsModel */; };
		93AC4D8029CEA7BA0063EEE4 /* NavigatorWebView.swift in Sources */ = {isa = PBXBuildFile; fileRef = 93AC4D7F29CEA7BA0063EEE4 /* NavigatorWebView.swift */; };
		93D0A2F829CC7F290070E680 /* WindowController+Extensions.swift in Sources */ = {isa = PBXBuildFile; fileRef = 93D0A2F729CC7F290070E680 /* WindowController+Extensions.swift */; };
		93D0A30029CC83980070E680 /* ExtensionPopoverViewController.swift in Sources */ = {isa = PBXBuildFile; fileRef = 93D0A2FE29CC83980070E680 /* ExtensionPopoverViewController.swift */; };
		93D0A30129CC83980070E680 /* ExtensionPopoverViewController.xib in Resources */ = {isa = PBXBuildFile; fileRef = 93D0A2FF29CC83980070E680 /* ExtensionPopoverViewController.xib */; };
		93D0A30529CC89BC0070E680 /* TopSitesAPI.swift in Sources */ = {isa = PBXBuildFile; fileRef = 93D0A30429CC89BC0070E680 /* TopSitesAPI.swift */; };
		93D6703729CB14BB005DE788 /* AppDelegate.swift in Sources */ = {isa = PBXBuildFile; fileRef = 93D6703629CB14BB005DE788 /* AppDelegate.swift */; };
		93D6703929CB14BB005DE788 /* PageViewController.swift in Sources */ = {isa = PBXBuildFile; fileRef = 93D6703829CB14BB005DE788 /* PageViewController.swift */; };
		93D6703B29CB14BC005DE788 /* Assets.xcassets in Resources */ = {isa = PBXBuildFile; fileRef = 93D6703A29CB14BC005DE788 /* Assets.xcassets */; };
		93D6703E29CB14BC005DE788 /* Main.storyboard in Resources */ = {isa = PBXBuildFile; fileRef = 93D6703C29CB14BC005DE788 /* Main.storyboard */; };
		93D6704629CB187D005DE788 /* WindowController.swift in Sources */ = {isa = PBXBuildFile; fileRef = 93D6704529CB187D005DE788 /* WindowController.swift */; };
		93FC925129CB3A8A00BAB980 /* WindowController+NSToolbarDelegate.swift in Sources */ = {isa = PBXBuildFile; fileRef = 93FC925029CB3A8A00BAB980 /* WindowController+NSToolbarDelegate.swift */; };
		93FC925429CB3BA500BAB980 /* AddressBarView.swift in Sources */ = {isa = PBXBuildFile; fileRef = 93FC925329CB3BA500BAB980 /* AddressBarView.swift */; };
		93FC925629CB42B000BAB980 /* WindowController+Navigation.swift in Sources */ = {isa = PBXBuildFile; fileRef = 93FC925529CB42B000BAB980 /* WindowController+Navigation.swift */; };
		93FC926529CB4D3200BAB980 /* ZIPFoundation in Frameworks */ = {isa = PBXBuildFile; productRef = 93FC926429CB4D3200BAB980 /* ZIPFoundation */; };
		93FD519A29D31CBF00E365F3 /* NavigatorWebView+NavigationDelegate.swift in Sources */ = {isa = PBXBuildFile; fileRef = 93FD519929D31CBF00E365F3 /* NavigatorWebView+NavigationDelegate.swift */; };
		93FD519C29D31D0A00E365F3 /* NavigatorWebView+WKDownloadDelegate.swift in Sources */ = {isa = PBXBuildFile; fileRef = 93FD519B29D31D0A00E365F3 /* NavigatorWebView+WKDownloadDelegate.swift */; };
/* End PBXBuildFile section */

/* Begin PBXFileReference section */
		9396828C29D1641D00AB4A6B /* Extensions */ = {isa = PBXFileReference; lastKnownFileType = wrapper; path = Extensions; sourceTree = "<group>"; };
		93AC4D7F29CEA7BA0063EEE4 /* NavigatorWebView.swift */ = {isa = PBXFileReference; lastKnownFileType = sourcecode.swift; path = NavigatorWebView.swift; sourceTree = "<group>"; };
		93D0A2F729CC7F290070E680 /* WindowController+Extensions.swift */ = {isa = PBXFileReference; lastKnownFileType = sourcecode.swift; path = "WindowController+Extensions.swift"; sourceTree = "<group>"; };
		93D0A2FE29CC83980070E680 /* ExtensionPopoverViewController.swift */ = {isa = PBXFileReference; lastKnownFileType = sourcecode.swift; path = ExtensionPopoverViewController.swift; sourceTree = "<group>"; };
		93D0A2FF29CC83980070E680 /* ExtensionPopoverViewController.xib */ = {isa = PBXFileReference; lastKnownFileType = file.xib; path = ExtensionPopoverViewController.xib; sourceTree = "<group>"; };
		93D0A30429CC89BC0070E680 /* TopSitesAPI.swift */ = {isa = PBXFileReference; lastKnownFileType = sourcecode.swift; path = TopSitesAPI.swift; sourceTree = "<group>"; };
		93D6703329CB14BB005DE788 /* Orion.app */ = {isa = PBXFileReference; explicitFileType = wrapper.application; includeInIndex = 0; path = Orion.app; sourceTree = BUILT_PRODUCTS_DIR; };
		93D6703629CB14BB005DE788 /* AppDelegate.swift */ = {isa = PBXFileReference; lastKnownFileType = sourcecode.swift; path = AppDelegate.swift; sourceTree = "<group>"; };
		93D6703829CB14BB005DE788 /* PageViewController.swift */ = {isa = PBXFileReference; lastKnownFileType = sourcecode.swift; path = PageViewController.swift; sourceTree = "<group>"; };
		93D6703A29CB14BC005DE788 /* Assets.xcassets */ = {isa = PBXFileReference; lastKnownFileType = folder.assetcatalog; path = Assets.xcassets; sourceTree = "<group>"; };
		93D6703D29CB14BC005DE788 /* Base */ = {isa = PBXFileReference; lastKnownFileType = file.storyboard; name = Base; path = Base.lproj/Main.storyboard; sourceTree = "<group>"; };
		93D6703F29CB14BC005DE788 /* Orion.entitlements */ = {isa = PBXFileReference; lastKnownFileType = text.plist.entitlements; path = Orion.entitlements; sourceTree = "<group>"; };
		93D6704529CB187D005DE788 /* WindowController.swift */ = {isa = PBXFileReference; lastKnownFileType = sourcecode.swift; path = WindowController.swift; sourceTree = "<group>"; };
		93FC925029CB3A8A00BAB980 /* WindowController+NSToolbarDelegate.swift */ = {isa = PBXFileReference; lastKnownFileType = sourcecode.swift; path = "WindowController+NSToolbarDelegate.swift"; sourceTree = "<group>"; };
		93FC925329CB3BA500BAB980 /* AddressBarView.swift */ = {isa = PBXFileReference; lastKnownFileType = sourcecode.swift; path = AddressBarView.swift; sourceTree = "<group>"; };
		93FC925529CB42B000BAB980 /* WindowController+Navigation.swift */ = {isa = PBXFileReference; lastKnownFileType = sourcecode.swift; path = "WindowController+Navigation.swift"; sourceTree = "<group>"; };
		93FD519929D31CBF00E365F3 /* NavigatorWebView+NavigationDelegate.swift */ = {isa = PBXFileReference; lastKnownFileType = sourcecode.swift; path = "NavigatorWebView+NavigationDelegate.swift"; sourceTree = "<group>"; };
		93FD519B29D31D0A00E365F3 /* NavigatorWebView+WKDownloadDelegate.swift */ = {isa = PBXFileReference; lastKnownFileType = sourcecode.swift; path = "NavigatorWebView+WKDownloadDelegate.swift"; sourceTree = "<group>"; };
/* End PBXFileReference section */

/* Begin PBXFrameworksBuildPhase section */
		93D6703029CB14BB005DE788 /* Frameworks */ = {
			isa = PBXFrameworksBuildPhase;
			buildActionMask = 2147483647;
			files = (
				9349744829D18E5C001A7593 /* ExtensionsUI in Frameworks */,
				9396829129D1715B00AB4A6B /* ExtensionsModel in Frameworks */,
				93FC926529CB4D3200BAB980 /* ZIPFoundation in Frameworks */,
			);
			runOnlyForDeploymentPostprocessing = 0;
		};
/* End PBXFrameworksBuildPhase section */

/* Begin PBXGroup section */
		9396828D29D1647800AB4A6B /* Frameworks */ = {
			isa = PBXGroup;
			children = (
			);
			name = Frameworks;
			sourceTree = "<group>";
		};
		93D0A2F929CC803A0070E680 /* Extensions */ = {
			isa = PBXGroup;
			children = (
				93D0A2F729CC7F290070E680 /* WindowController+Extensions.swift */,
				93D0A2FE29CC83980070E680 /* ExtensionPopoverViewController.swift */,
				93D0A2FF29CC83980070E680 /* ExtensionPopoverViewController.xib */,
			);
			path = Extensions;
			sourceTree = "<group>";
		};
		93D0A30329CC89AA0070E680 /* API */ = {
			isa = PBXGroup;
			children = (
				93D0A30429CC89BC0070E680 /* TopSitesAPI.swift */,
			);
			path = API;
			sourceTree = "<group>";
		};
		93D6702A29CB14BB005DE788 = {
			isa = PBXGroup;
			children = (
				9396828C29D1641D00AB4A6B /* Extensions */,
				93D6703529CB14BB005DE788 /* Orion */,
				93D6703429CB14BB005DE788 /* Products */,
				9396828D29D1647800AB4A6B /* Frameworks */,
			);
			sourceTree = "<group>";
		};
		93D6703429CB14BB005DE788 /* Products */ = {
			isa = PBXGroup;
			children = (
				93D6703329CB14BB005DE788 /* Orion.app */,
			);
			name = Products;
			sourceTree = "<group>";
		};
		93D6703529CB14BB005DE788 /* Orion */ = {
			isa = PBXGroup;
			children = (
				93FC925929CB48F900BAB980 /* Application */,
				93FC925D29CB493700BAB980 /* UI */,
				93FC925E29CB494500BAB980 /* Model */,
				93D6703F29CB14BC005DE788 /* Orion.entitlements */,
			);
			path = Orion;
			sourceTree = "<group>";
		};
		93FC925929CB48F900BAB980 /* Application */ = {
			isa = PBXGroup;
			children = (
				93D6703629CB14BB005DE788 /* AppDelegate.swift */,
				93D6703A29CB14BC005DE788 /* Assets.xcassets */,
				93D6703C29CB14BC005DE788 /* Main.storyboard */,
			);
			path = Application;
			sourceTree = "<group>";
		};
		93FC925A29CB490D00BAB980 /* Window,Toolbar */ = {
			isa = PBXGroup;
			children = (
				93D6704529CB187D005DE788 /* WindowController.swift */,
				93FC925029CB3A8A00BAB980 /* WindowController+NSToolbarDelegate.swift */,
				93FC925529CB42B000BAB980 /* WindowController+Navigation.swift */,
				93FC925329CB3BA500BAB980 /* AddressBarView.swift */,
			);
			path = "Window,Toolbar";
			sourceTree = "<group>";
		};
		93FC925C29CB492800BAB980 /* WebContent */ = {
			isa = PBXGroup;
			children = (
				93D6703829CB14BB005DE788 /* PageViewController.swift */,
				93FD519829D31CA600E365F3 /* NavigatorWebView */,
			);
			path = WebContent;
			sourceTree = "<group>";
		};
		93FC925D29CB493700BAB980 /* UI */ = {
			isa = PBXGroup;
			children = (
				93FC925A29CB490D00BAB980 /* Window,Toolbar */,
				93FC925C29CB492800BAB980 /* WebContent */,
				93D0A2F929CC803A0070E680 /* Extensions */,
			);
			path = UI;
			sourceTree = "<group>";
		};
		93FC925E29CB494500BAB980 /* Model */ = {
			isa = PBXGroup;
			children = (
				93D0A30329CC89AA0070E680 /* API */,
			);
			path = Model;
			sourceTree = "<group>";
		};
		93FD519829D31CA600E365F3 /* NavigatorWebView */ = {
			isa = PBXGroup;
			children = (
				93AC4D7F29CEA7BA0063EEE4 /* NavigatorWebView.swift */,
				93FD519929D31CBF00E365F3 /* NavigatorWebView+NavigationDelegate.swift */,
				93FD519B29D31D0A00E365F3 /* NavigatorWebView+WKDownloadDelegate.swift */,
			);
			path = NavigatorWebView;
			sourceTree = "<group>";
		};
/* End PBXGroup section */

/* Begin PBXNativeTarget section */
		93D6703229CB14BB005DE788 /* Orion */ = {
			isa = PBXNativeTarget;
			buildConfigurationList = 93D6704229CB14BC005DE788 /* Build configuration list for PBXNativeTarget "Orion" */;
			buildPhases = (
				93FC925229CB3A9300BAB980 /* Run SwiftLint */,
				93D6702F29CB14BB005DE788 /* Sources */,
				93D6703029CB14BB005DE788 /* Frameworks */,
				93D6703129CB14BB005DE788 /* Resources */,
			);
			buildRules = (
			);
			dependencies = (
			);
			name = Orion;
			packageProductDependencies = (
				93FC926429CB4D3200BAB980 /* ZIPFoundation */,
				9396829029D1715B00AB4A6B /* ExtensionsModel */,
				9349744729D18E5C001A7593 /* ExtensionsUI */,
			);
			productName = Orion;
			productReference = 93D6703329CB14BB005DE788 /* Orion.app */;
			productType = "com.apple.product-type.application";
		};
/* End PBXNativeTarget section */

/* Begin PBXProject section */
		93D6702B29CB14BB005DE788 /* Project object */ = {
			isa = PBXProject;
			attributes = {
				BuildIndependentTargetsInParallel = 1;
				LastSwiftUpdateCheck = 1420;
				LastUpgradeCheck = 1420;
				TargetAttributes = {
					93D6703229CB14BB005DE788 = {
						CreatedOnToolsVersion = 14.2;
					};
				};
			};
			buildConfigurationList = 93D6702E29CB14BB005DE788 /* Build configuration list for PBXProject "Orion" */;
			compatibilityVersion = "Xcode 14.0";
			developmentRegion = en;
			hasScannedForEncodings = 0;
			knownRegions = (
				en,
				Base,
			);
			mainGroup = 93D6702A29CB14BB005DE788;
			packageReferences = (
				93FC926329CB4D3200BAB980 /* XCRemoteSwiftPackageReference "ZIPFoundation" */,
			);
			productRefGroup = 93D6703429CB14BB005DE788 /* Products */;
			projectDirPath = "";
			projectRoot = "";
			targets = (
				93D6703229CB14BB005DE788 /* Orion */,
			);
		};
/* End PBXProject section */

/* Begin PBXResourcesBuildPhase section */
		93D6703129CB14BB005DE788 /* Resources */ = {
			isa = PBXResourcesBuildPhase;
			buildActionMask = 2147483647;
			files = (
				93D6703B29CB14BC005DE788 /* Assets.xcassets in Resources */,
				93D0A30129CC83980070E680 /* ExtensionPopoverViewController.xib in Resources */,
				93D6703E29CB14BC005DE788 /* Main.storyboard in Resources */,
			);
			runOnlyForDeploymentPostprocessing = 0;
		};
/* End PBXResourcesBuildPhase section */

/* Begin PBXShellScriptBuildPhase section */
		93FC925229CB3A9300BAB980 /* Run SwiftLint */ = {
			isa = PBXShellScriptBuildPhase;
			alwaysOutOfDate = 1;
			buildActionMask = 2147483647;
			files = (
			);
			inputFileListPaths = (
			);
			inputPaths = (
			);
			name = "Run SwiftLint";
			outputFileListPaths = (
			);
			outputPaths = (
			);
			runOnlyForDeploymentPostprocessing = 0;
			shellPath = /bin/sh;
			shellScript = "# Type a script or drag a script file from your workspace to insert its path.\nexport PATH=\"$PATH:/opt/homebrew/bin\"\nif which swiftlint >/dev/null; then\n  swiftlint --strict\nelse\n  echo \"warning: SwiftLint not installed, download from https://github.com/realm/SwiftLint\"\nfi\n";
		};
/* End PBXShellScriptBuildPhase section */

/* Begin PBXSourcesBuildPhase section */
		93D6702F29CB14BB005DE788 /* Sources */ = {
			isa = PBXSourcesBuildPhase;
			buildActionMask = 2147483647;
			files = (
				93FD519C29D31D0A00E365F3 /* NavigatorWebView+WKDownloadDelegate.swift in Sources */,
				93FC925429CB3BA500BAB980 /* AddressBarView.swift in Sources */,
				93AC4D8029CEA7BA0063EEE4 /* NavigatorWebView.swift in Sources */,
				93D6703929CB14BB005DE788 /* PageViewController.swift in Sources */,
				93FD519A29D31CBF00E365F3 /* NavigatorWebView+NavigationDelegate.swift in Sources */,
				93FC925129CB3A8A00BAB980 /* WindowController+NSToolbarDelegate.swift in Sources */,
				93D0A30029CC83980070E680 /* ExtensionPopoverViewController.swift in Sources */,
				93FC925629CB42B000BAB980 /* WindowController+Navigation.swift in Sources */,
				93D0A2F829CC7F290070E680 /* WindowController+Extensions.swift in Sources */,
				93D0A30529CC89BC0070E680 /* TopSitesAPI.swift in Sources */,
				93D6704629CB187D005DE788 /* WindowController.swift in Sources */,
				93D6703729CB14BB005DE788 /* AppDelegate.swift in Sources */,
			);
			runOnlyForDeploymentPostprocessing = 0;
		};
/* End PBXSourcesBuildPhase section */

/* Begin PBXVariantGroup section */
		93D6703C29CB14BC005DE788 /* Main.storyboard */ = {
			isa = PBXVariantGroup;
			children = (
				93D6703D29CB14BC005DE788 /* Base */,
			);
			name = Main.storyboard;
			sourceTree = "<group>";
		};
/* End PBXVariantGroup section */

/* Begin XCBuildConfiguration section */
		93D6704029CB14BC005DE788 /* Debug */ = {
			isa = XCBuildConfiguration;
			buildSettings = {
				ALWAYS_SEARCH_USER_PATHS = NO;
				CLANG_ANALYZER_NONNULL = YES;
				CLANG_ANALYZER_NUMBER_OBJECT_CONVERSION = YES_AGGRESSIVE;
				CLANG_CXX_LANGUAGE_STANDARD = "gnu++20";
				CLANG_ENABLE_MODULES = YES;
				CLANG_ENABLE_OBJC_ARC = YES;
				CLANG_ENABLE_OBJC_WEAK = YES;
				CLANG_WARN_BLOCK_CAPTURE_AUTORELEASING = YES;
				CLANG_WARN_BOOL_CONVERSION = YES;
				CLANG_WARN_COMMA = YES;
				CLANG_WARN_CONSTANT_CONVERSION = YES;
				CLANG_WARN_DEPRECATED_OBJC_IMPLEMENTATIONS = YES;
				CLANG_WARN_DIRECT_OBJC_ISA_USAGE = YES_ERROR;
				CLANG_WARN_DOCUMENTATION_COMMENTS = YES;
				CLANG_WARN_EMPTY_BODY = YES;
				CLANG_WARN_ENUM_CONVERSION = YES;
				CLANG_WARN_INFINITE_RECURSION = YES;
				CLANG_WARN_INT_CONVERSION = YES;
				CLANG_WARN_NON_LITERAL_NULL_CONVERSION = YES;
				CLANG_WARN_OBJC_IMPLICIT_RETAIN_SELF = YES;
				CLANG_WARN_OBJC_LITERAL_CONVERSION = YES;
				CLANG_WARN_OBJC_ROOT_CLASS = YES_ERROR;
				CLANG_WARN_QUOTED_INCLUDE_IN_FRAMEWORK_HEADER = YES;
				CLANG_WARN_RANGE_LOOP_ANALYSIS = YES;
				CLANG_WARN_STRICT_PROTOTYPES = YES;
				CLANG_WARN_SUSPICIOUS_MOVE = YES;
				CLANG_WARN_UNGUARDED_AVAILABILITY = YES_AGGRESSIVE;
				CLANG_WARN_UNREACHABLE_CODE = YES;
				CLANG_WARN__DUPLICATE_METHOD_MATCH = YES;
				COPY_PHASE_STRIP = NO;
				DEBUG_INFORMATION_FORMAT = dwarf;
				ENABLE_STRICT_OBJC_MSGSEND = YES;
				ENABLE_TESTABILITY = YES;
				GCC_C_LANGUAGE_STANDARD = gnu11;
				GCC_DYNAMIC_NO_PIC = NO;
				GCC_NO_COMMON_BLOCKS = YES;
				GCC_OPTIMIZATION_LEVEL = 0;
				GCC_PREPROCESSOR_DEFINITIONS = (
					"DEBUG=1",
					"$(inherited)",
				);
				GCC_WARN_64_TO_32_BIT_CONVERSION = YES;
				GCC_WARN_ABOUT_RETURN_TYPE = YES_ERROR;
				GCC_WARN_UNDECLARED_SELECTOR = YES;
				GCC_WARN_UNINITIALIZED_AUTOS = YES_AGGRESSIVE;
				GCC_WARN_UNUSED_FUNCTION = YES;
				GCC_WARN_UNUSED_VARIABLE = YES;
				MACOSX_DEPLOYMENT_TARGET = 13.1;
				MTL_ENABLE_DEBUG_INFO = INCLUDE_SOURCE;
				MTL_FAST_MATH = YES;
				ONLY_ACTIVE_ARCH = YES;
				SDKROOT = macosx;
				SWIFT_ACTIVE_COMPILATION_CONDITIONS = DEBUG;
				SWIFT_OPTIMIZATION_LEVEL = "-Onone";
			};
			name = Debug;
		};
		93D6704129CB14BC005DE788 /* Release */ = {
			isa = XCBuildConfiguration;
			buildSettings = {
				ALWAYS_SEARCH_USER_PATHS = NO;
				CLANG_ANALYZER_NONNULL = YES;
				CLANG_ANALYZER_NUMBER_OBJECT_CONVERSION = YES_AGGRESSIVE;
				CLANG_CXX_LANGUAGE_STANDARD = "gnu++20";
				CLANG_ENABLE_MODULES = YES;
				CLANG_ENABLE_OBJC_ARC = YES;
				CLANG_ENABLE_OBJC_WEAK = YES;
				CLANG_WARN_BLOCK_CAPTURE_AUTORELEASING = YES;
				CLANG_WARN_BOOL_CONVERSION = YES;
				CLANG_WARN_COMMA = YES;
				CLANG_WARN_CONSTANT_CONVERSION = YES;
				CLANG_WARN_DEPRECATED_OBJC_IMPLEMENTATIONS = YES;
				CLANG_WARN_DIRECT_OBJC_ISA_USAGE = YES_ERROR;
				CLANG_WARN_DOCUMENTATION_COMMENTS = YES;
				CLANG_WARN_EMPTY_BODY = YES;
				CLANG_WARN_ENUM_CONVERSION = YES;
				CLANG_WARN_INFINITE_RECURSION = YES;
				CLANG_WARN_INT_CONVERSION = YES;
				CLANG_WARN_NON_LITERAL_NULL_CONVERSION = YES;
				CLANG_WARN_OBJC_IMPLICIT_RETAIN_SELF = YES;
				CLANG_WARN_OBJC_LITERAL_CONVERSION = YES;
				CLANG_WARN_OBJC_ROOT_CLASS = YES_ERROR;
				CLANG_WARN_QUOTED_INCLUDE_IN_FRAMEWORK_HEADER = YES;
				CLANG_WARN_RANGE_LOOP_ANALYSIS = YES;
				CLANG_WARN_STRICT_PROTOTYPES = YES;
				CLANG_WARN_SUSPICIOUS_MOVE = YES;
				CLANG_WARN_UNGUARDED_AVAILABILITY = YES_AGGRESSIVE;
				CLANG_WARN_UNREACHABLE_CODE = YES;
				CLANG_WARN__DUPLICATE_METHOD_MATCH = YES;
				COPY_PHASE_STRIP = NO;
				DEBUG_INFORMATION_FORMAT = "dwarf-with-dsym";
				ENABLE_NS_ASSERTIONS = NO;
				ENABLE_STRICT_OBJC_MSGSEND = YES;
				GCC_C_LANGUAGE_STANDARD = gnu11;
				GCC_NO_COMMON_BLOCKS = YES;
				GCC_WARN_64_TO_32_BIT_CONVERSION = YES;
				GCC_WARN_ABOUT_RETURN_TYPE = YES_ERROR;
				GCC_WARN_UNDECLARED_SELECTOR = YES;
				GCC_WARN_UNINITIALIZED_AUTOS = YES_AGGRESSIVE;
				GCC_WARN_UNUSED_FUNCTION = YES;
				GCC_WARN_UNUSED_VARIABLE = YES;
				MACOSX_DEPLOYMENT_TARGET = 13.1;
				MTL_ENABLE_DEBUG_INFO = NO;
				MTL_FAST_MATH = YES;
				SDKROOT = macosx;
				SWIFT_COMPILATION_MODE = wholemodule;
				SWIFT_OPTIMIZATION_LEVEL = "-O";
			};
			name = Release;
		};
		93D6704329CB14BC005DE788 /* Debug */ = {
			isa = XCBuildConfiguration;
			buildSettings = {
				ASSETCATALOG_COMPILER_APPICON_NAME = AppIcon;
				ASSETCATALOG_COMPILER_GLOBAL_ACCENT_COLOR_NAME = AccentColor;
				CODE_SIGN_ENTITLEMENTS = Orion/Orion.entitlements;
				CODE_SIGN_STYLE = Automatic;
				COMBINE_HIDPI_IMAGES = YES;
				CURRENT_PROJECT_VERSION = 1;
				DEVELOPMENT_TEAM = Z88Z98GRZQ;
				ENABLE_HARDENED_RUNTIME = YES;
				GENERATE_INFOPLIST_FILE = YES;
				INFOPLIST_KEY_NSHumanReadableCopyright = "";
				INFOPLIST_KEY_NSMainStoryboardFile = Main;
				INFOPLIST_KEY_NSPrincipalClass = NSApplication;
				LD_RUNPATH_SEARCH_PATHS = (
					"$(inherited)",
					"@executable_path/../Frameworks",
				);
				MARKETING_VERSION = 1.0;
				PRODUCT_BUNDLE_IDENTIFIER = com.kaithebuilder.Orion;
				PRODUCT_NAME = "$(TARGET_NAME)";
				SWIFT_EMIT_LOC_STRINGS = YES;
				SWIFT_VERSION = 5.0;
			};
			name = Debug;
		};
		93D6704429CB14BC005DE788 /* Release */ = {
			isa = XCBuildConfiguration;
			buildSettings = {
				ASSETCATALOG_COMPILER_APPICON_NAME = AppIcon;
				ASSETCATALOG_COMPILER_GLOBAL_ACCENT_COLOR_NAME = AccentColor;
				CODE_SIGN_ENTITLEMENTS = Orion/Orion.entitlements;
				CODE_SIGN_STYLE = Automatic;
				COMBINE_HIDPI_IMAGES = YES;
				CURRENT_PROJECT_VERSION = 1;
				DEVELOPMENT_TEAM = Z88Z98GRZQ;
				ENABLE_HARDENED_RUNTIME = YES;
				GENERATE_INFOPLIST_FILE = YES;
				INFOPLIST_KEY_NSHumanReadableCopyright = "";
				INFOPLIST_KEY_NSMainStoryboardFile = Main;
				INFOPLIST_KEY_NSPrincipalClass = NSApplication;
				LD_RUNPATH_SEARCH_PATHS = (
					"$(inherited)",
					"@executable_path/../Frameworks",
				);
				MARKETING_VERSION = 1.0;
				PRODUCT_BUNDLE_IDENTIFIER = com.kaithebuilder.Orion;
				PRODUCT_NAME = "$(TARGET_NAME)";
				SWIFT_EMIT_LOC_STRINGS = YES;
				SWIFT_VERSION = 5.0;
			};
			name = Release;
		};
/* End XCBuildConfiguration section */

/* Begin XCConfigurationList section */
		93D6702E29CB14BB005DE788 /* Build configuration list for PBXProject "Orion" */ = {
			isa = XCConfigurationList;
			buildConfigurations = (
				93D6704029CB14BC005DE788 /* Debug */,
				93D6704129CB14BC005DE788 /* Release */,
			);
			defaultConfigurationIsVisible = 0;
			defaultConfigurationName = Release;
		};
		93D6704229CB14BC005DE788 /* Build configuration list for PBXNativeTarget "Orion" */ = {
			isa = XCConfigurationList;
			buildConfigurations = (
				93D6704329CB14BC005DE788 /* Debug */,
				93D6704429CB14BC005DE788 /* Release */,
			);
			defaultConfigurationIsVisible = 0;
			defaultConfigurationName = Release;
		};
/* End XCConfigurationList section */

/* Begin XCRemoteSwiftPackageReference section */
		93FC926329CB4D3200BAB980 /* XCRemoteSwiftPackageReference "ZIPFoundation" */ = {
			isa = XCRemoteSwiftPackageReference;
			repositoryURL = "https://github.com/weichsel/ZIPFoundation";
			requirement = {
				kind = upToNextMajorVersion;
				minimumVersion = 0.9.9;
			};
		};
/* End XCRemoteSwiftPackageReference section */

/* Begin XCSwiftPackageProductDependency section */
		9349744729D18E5C001A7593 /* ExtensionsUI */ = {
			isa = XCSwiftPackageProductDependency;
			productName = ExtensionsUI;
		};
		9396829029D1715B00AB4A6B /* ExtensionsModel */ = {
			isa = XCSwiftPackageProductDependency;
			productName = ExtensionsModel;
		};
		93FC926429CB4D3200BAB980 /* ZIPFoundation */ = {
			isa = XCSwiftPackageProductDependency;
			package = 93FC926329CB4D3200BAB980 /* XCRemoteSwiftPackageReference "ZIPFoundation" */;
			productName = ZIPFoundation;
		};
/* End XCSwiftPackageProductDependency section */
	};
	rootObject = 93D6702B29CB14BB005DE788 /* Project object */;
}
